
Microsoft Visual Studio Solution File, Format Version 12.00
# Visual Studio Version 16
VisualStudioVersion = 16.0.29911.84
MinimumVisualStudioVersion = 10.0.40219.1
Project("{8BC9CEB8-8B4A-11D0-8D11-00A0C91BC942}") = "Bonobono", "Bonobono\Bonobono.vcxproj", "{683BCB14-CA90-4990-95B9-208E42D3FEDF}"
EndProject
Project("{8BC9CEB8-8B4A-11D0-8D11-00A0C91BC942}") = "Ryan", "Ryan\Ryan.vcxproj", "{B9F14515-E7DC-4AE8-BF2B-B3FC19328BD6}"
EndProject
Global
	GlobalSection(SolutionConfigurationPlatforms) = preSolution
		Debug|x64 = Debug|x64
		Debug|x86 = Debug|x86
		Release|x64 = Release|x64
		Release|x86 = Release|x86
	EndGlobalSection
	GlobalSection(ProjectConfigurationPlatforms) = postSolution
		{683BCB14-CA90-4990-95B9-208E42D3FEDF}.Debug|x64.ActiveCfg = Debug|x64
		{683BCB14-CA90-4990-95B9-208E42D3FEDF}.Debug|x64.Build.0 = Debug|x64
		{683BCB14-CA90-4990-95B9-208E42D3FEDF}.Debug|x86.ActiveCfg = Debug|Win32
		{683BCB14-CA90-4990-95B9-208E42D3FEDF}.Debug|x86.Build.0 = Debug|Win32
		{683BCB14-CA90-4990-95B9-208E42D3FEDF}.Release|x64.ActiveCfg = Release|x64
		{683BCB14-CA90-4990-95B9-208E42D3FEDF}.Release|x64.Build.0 = Release|x64
		{683BCB14-CA90-4990-95B9-208E42D3FEDF}.Release|x86.ActiveCfg = Release|Win32
		{683BCB14-CA90-4990-95B9-208E42D3FEDF}.Release|x86.Build.0 = Release|Win32
		{B9F14515-E7DC-4AE8-BF2B-B3FC19328BD6}.Debug|x64.ActiveCfg = Debug|x64
		{B9F14515-E7DC-4AE8-BF2B-B3FC19328BD6}.Debug|x64.Build.0 = Debug|x64
		{B9F14515-E7DC-4AE8-BF2B-B3FC19328BD6}.Debug|x86.ActiveCfg = Debug|Win32
		{B9F14515-E7DC-4AE8-BF2B-B3FC19328BD6}.Debug|x86.Build.0 = Debug|Win32
		{B9F14515-E7DC-4AE8-BF2B-B3FC19328BD6}.Release|x64.ActiveCfg = Release|x64
		{B9F14515-E7DC-4AE8-BF2B-B3FC19328BD6}.Release|x64.Build.0 = Release|x64
		{B9F14515-E7DC-4AE8-BF2B-B3FC19328BD6}.Release|x86.ActiveCfg = Release|Win32
		{B9F14515-E7DC-4AE8-BF2B-B3FC19328BD6}.Release|x86.Build.0 = Release|Win32
	EndGlobalSection
	GlobalSection(SolutionProperties) = preSolution
		HideSolutionNode = FALSE
	EndGlobalSection
	GlobalSection(ExtensibilityGlobals) = postSolution
		SolutionGuid = {D5F5A7E7-EF16-4121-B5E0-8BB452E837B7}
	EndGlobalSection
EndGlobal
